
Microsoft Visual Studio Solution File, Format Version 12.00
# Visual Studio 15
VisualStudioVersion = 15.0.28307.1300
MinimumVisualStudioVersion = 10.0.40219.1
Project("{8BC9CEB8-8B4A-11D0-8D11-00A0C91BC942}") = "LuaSol2", "LuaSol2\LuaSol2.vcxproj", "{D0B1A50D-F8DA-47C9-A8F1-18A07333C772}"
	ProjectSection(ProjectDependencies) = postProject
		{74828DE3-8BBB-4276-9F12-477144DD1F26} = {74828DE3-8BBB-4276-9F12-477144DD1F26}
	EndProjectSection
EndProject
Project("{8BC9CEB8-8B4A-11D0-8D11-00A0C91BC942}") = "Lua", "Lua\Lua.vcxproj", "{74828DE3-8BBB-4276-9F12-477144DD1F26}"
EndProject
Global
	GlobalSection(SolutionConfigurationPlatforms) = preSolution
		Debug|x64 = Debug|x64
		Release|x64 = Release|x64
	EndGlobalSection
	GlobalSection(ProjectConfigurationPlatforms) = postSolution
		{D0B1A50D-F8DA-47C9-A8F1-18A07333C772}.Debug|x64.ActiveCfg = Debug|x64
		{D0B1A50D-F8DA-47C9-A8F1-18A07333C772}.Debug|x64.Build.0 = Debug|x64
		{D0B1A50D-F8DA-47C9-A8F1-18A07333C772}.Release|x64.ActiveCfg = Release|x64
		{D0B1A50D-F8DA-47C9-A8F1-18A07333C772}.Release|x64.Build.0 = Release|x64
		{74828DE3-8BBB-4276-9F12-477144DD1F26}.Debug|x64.ActiveCfg = Debug|x64
		{74828DE3-8BBB-4276-9F12-477144DD1F26}.Debug|x64.Build.0 = Debug|x64
		{74828DE3-8BBB-4276-9F12-477144DD1F26}.Release|x64.ActiveCfg = Release|x64
		{74828DE3-8BBB-4276-9F12-477144DD1F26}.Release|x64.Build.0 = Release|x64
	EndGlobalSection
	GlobalSection(SolutionProperties) = preSolution
		HideSolutionNode = FALSE
	EndGlobalSection
	GlobalSection(ExtensibilityGlobals) = postSolution
		SolutionGuid = {BC9CB0B1-FCE6-48D8-BDE1-1D22218CC702}
	EndGlobalSection
EndGlobal
